
Microsoft Visual Studio Solution File, Format Version 12.00
# Visual Studio Version 17
VisualStudioVersion = 17.6.33829.357
MinimumVisualStudioVersion = 10.0.40219.1
Project("{FAE04EC0-301F-11D3-BF4B-00C04F79EFBC}") = "ChainStrategy", "source\ChainStrategy\ChainStrategy.csproj", "{C25D9DCC-E890-43AF-86B9-91A96946F266}"
EndProject
Project("{FAE04EC0-301F-11D3-BF4B-00C04F79EFBC}") = "ChainStrategy.Tests", "tests\ChainStrategy.Tests\ChainStrategy.Tests.csproj", "{B04C7D7F-7427-4798-AB90-8409A97E22A0}"
EndProject
Project("{2150E333-8FDC-42A3-9474-1A3956D46DE8}") = "Solution Items", "Solution Items", "{1AD81F11-7401-44E1-9655-F1063C42A4FC}"
	ProjectSection(SolutionItems) = preProject
		.editorconfig = .editorconfig
	EndProjectSection
EndProject
Project("{FAE04EC0-301F-11D3-BF4B-00C04F79EFBC}") = "ChainStrategy.Samples", "samples\ChainStrategy.Samples\ChainStrategy.Samples.csproj", "{11B0E68D-C1B5-4D33-BE52-CE08A87447AB}"
EndProject
Global
	GlobalSection(SolutionConfigurationPlatforms) = preSolution
		Debug|Any CPU = Debug|Any CPU
		Release|Any CPU = Release|Any CPU
	EndGlobalSection
	GlobalSection(ProjectConfigurationPlatforms) = postSolution
		{C25D9DCC-E890-43AF-86B9-91A96946F266}.Debug|Any CPU.ActiveCfg = Debug|Any CPU
		{C25D9DCC-E890-43AF-86B9-91A96946F266}.Debug|Any CPU.Build.0 = Debug|Any CPU
		{C25D9DCC-E890-43AF-86B9-91A96946F266}.Release|Any CPU.ActiveCfg = Release|Any CPU
		{C25D9DCC-E890-43AF-86B9-91A96946F266}.Release|Any CPU.Build.0 = Release|Any CPU
		{B04C7D7F-7427-4798-AB90-8409A97E22A0}.Debug|Any CPU.ActiveCfg = Debug|Any CPU
		{B04C7D7F-7427-4798-AB90-8409A97E22A0}.Debug|Any CPU.Build.0 = Debug|Any CPU
		{B04C7D7F-7427-4798-AB90-8409A97E22A0}.Release|Any CPU.ActiveCfg = Release|Any CPU
		{B04C7D7F-7427-4798-AB90-8409A97E22A0}.Release|Any CPU.Build.0 = Release|Any CPU
		{11B0E68D-C1B5-4D33-BE52-CE08A87447AB}.Debug|Any CPU.ActiveCfg = Debug|Any CPU
		{11B0E68D-C1B5-4D33-BE52-CE08A87447AB}.Debug|Any CPU.Build.0 = Debug|Any CPU
		{11B0E68D-C1B5-4D33-BE52-CE08A87447AB}.Release|Any CPU.ActiveCfg = Release|Any CPU
		{11B0E68D-C1B5-4D33-BE52-CE08A87447AB}.Release|Any CPU.Build.0 = Release|Any CPU
	EndGlobalSection
	GlobalSection(SolutionProperties) = preSolution
		HideSolutionNode = FALSE
	EndGlobalSection
	GlobalSection(ExtensibilityGlobals) = postSolution
		SolutionGuid = {320AAA04-0A4D-44F6-8420-93358805AD18}
	EndGlobalSection
EndGlobal
